// !$*UTF8*$!
{
	archiveVersion = 1;
	classes = {
	};
	objectVersion = 50;
	objects = {

/* Begin PBXBuildFile section */
		7154427A266F833300B2887F /* Conversor2_0App.swift in Sources */ = {isa = PBXBuildFile; fileRef = 71544279266F833300B2887F /* Conversor2_0App.swift */; };
		7154427C266F833300B2887F /* ContentView.swift in Sources */ = {isa = PBXBuildFile; fileRef = 7154427B266F833300B2887F /* ContentView.swift */; };
		7154427E266F833400B2887F /* Assets.xcassets in Resources */ = {isa = PBXBuildFile; fileRef = 7154427D266F833400B2887F /* Assets.xcassets */; };
		71544281266F833400B2887F /* Preview Assets.xcassets in Resources */ = {isa = PBXBuildFile; fileRef = 71544280266F833400B2887F /* Preview Assets.xcassets */; };
		7154428C266F833400B2887F /* Conversor2_0Tests.swift in Sources */ = {isa = PBXBuildFile; fileRef = 7154428B266F833400B2887F /* Conversor2_0Tests.swift */; };
		71544297266F833400B2887F /* Conversor2_0UITests.swift in Sources */ = {isa = PBXBuildFile; fileRef = 71544296266F833400B2887F /* Conversor2_0UITests.swift */; };
		715442A5266F93CA00B2887F /* APIDolarValue.swift in Sources */ = {isa = PBXBuildFile; fileRef = 715442A4266F93CA00B2887F /* APIDolarValue.swift */; };
/* End PBXBuildFile section */

/* Begin PBXContainerItemProxy section */
		71544288266F833400B2887F /* PBXContainerItemProxy */ = {
			isa = PBXContainerItemProxy;
			containerPortal = 7154426E266F833300B2887F /* Project object */;
			proxyType = 1;
			remoteGlobalIDString = 71544275266F833300B2887F;
			remoteInfo = Conversor2.0;
		};
		71544293266F833400B2887F /* PBXContainerItemProxy */ = {
			isa = PBXContainerItemProxy;
			containerPortal = 7154426E266F833300B2887F /* Project object */;
			proxyType = 1;
			remoteGlobalIDString = 71544275266F833300B2887F;
			remoteInfo = Conversor2.0;
		};
/* End PBXContainerItemProxy section */

/* Begin PBXFileReference section */
		71544276266F833300B2887F /* Conversor2.0.app */ = {isa = PBXFileReference; explicitFileType = wrapper.application; includeInIndex = 0; path = Conversor2.0.app; sourceTree = BUILT_PRODUCTS_DIR; };
		71544279266F833300B2887F /* Conversor2_0App.swift */ = {isa = PBXFileReference; lastKnownFileType = sourcecode.swift; path = Conversor2_0App.swift; sourceTree = "<group>"; };
		7154427B266F833300B2887F /* ContentView.swift */ = {isa = PBXFileReference; lastKnownFileType = sourcecode.swift; path = ContentView.swift; sourceTree = "<group>"; };
		7154427D266F833400B2887F /* Assets.xcassets */ = {isa = PBXFileReference; lastKnownFileType = folder.assetcatalog; path = Assets.xcassets; sourceTree = "<group>"; };
		71544280266F833400B2887F /* Preview Assets.xcassets */ = {isa = PBXFileReference; lastKnownFileType = folder.assetcatalog; path = "Preview Assets.xcassets"; sourceTree = "<group>"; };
		71544282266F833400B2887F /* Info.plist */ = {isa = PBXFileReference; lastKnownFileType = text.plist.xml; path = Info.plist; sourceTree = "<group>"; };
		71544287266F833400B2887F /* Conversor2.0Tests.xctest */ = {isa = PBXFileReference; explicitFileType = wrapper.cfbundle; includeInIndex = 0; path = Conversor2.0Tests.xctest; sourceTree = BUILT_PRODUCTS_DIR; };
		7154428B266F833400B2887F /* Conversor2_0Tests.swift */ = {isa = PBXFileReference; lastKnownFileType = sourcecode.swift; path = Conversor2_0Tests.swift; sourceTree = "<group>"; };
		7154428D266F833400B2887F /* Info.plist */ = {isa = PBXFileReference; lastKnownFileType = text.plist.xml; path = Info.plist; sourceTree = "<group>"; };
		71544292266F833400B2887F /* Conversor2.0UITests.xctest */ = {isa = PBXFileReference; explicitFileType = wrapper.cfbundle; includeInIndex = 0; path = Conversor2.0UITests.xctest; sourceTree = BUILT_PRODUCTS_DIR; };
		71544296266F833400B2887F /* Conversor2_0UITests.swift */ = {isa = PBXFileReference; lastKnownFileType = sourcecode.swift; path = Conversor2_0UITests.swift; sourceTree = "<group>"; };
		71544298266F833400B2887F /* Info.plist */ = {isa = PBXFileReference; lastKnownFileType = text.plist.xml; path = Info.plist; sourceTree = "<group>"; };
		715442A4266F93CA00B2887F /* APIDolarValue.swift */ = {isa = PBXFileReference; lastKnownFileType = sourcecode.swift; path = APIDolarValue.swift; sourceTree = "<group>"; };
/* End PBXFileReference section */

/* Begin PBXFrameworksBuildPhase section */
		71544273266F833300B2887F /* Frameworks */ = {
			isa = PBXFrameworksBuildPhase;
			buildActionMask = 2147483647;
			files = (
			);
			runOnlyForDeploymentPostprocessing = 0;
		};
		71544284266F833400B2887F /* Frameworks */ = {
			isa = PBXFrameworksBuildPhase;
			buildActionMask = 2147483647;
			files = (
			);
			runOnlyForDeploymentPostprocessing = 0;
		};
		7154428F266F833400B2887F /* Frameworks */ = {
			isa = PBXFrameworksBuildPhase;
			buildActionMask = 2147483647;
			files = (
			);
			runOnlyForDeploymentPostprocessing = 0;
		};
/* End PBXFrameworksBuildPhase section */

/* Begin PBXGroup section */
		7154426D266F833300B2887F = {
			isa = PBXGroup;
			children = (
				71544278266F833300B2887F /* Conversor2.0 */,
				7154428A266F833400B2887F /* Conversor2.0Tests */,
				71544295266F833400B2887F /* Conversor2.0UITests */,
				71544277266F833300B2887F /* Products */,
			);
			sourceTree = "<group>";
		};
		71544277266F833300B2887F /* Products */ = {
			isa = PBXGroup;
			children = (
				71544276266F833300B2887F /* Conversor2.0.app */,
				71544287266F833400B2887F /* Conversor2.0Tests.xctest */,
				71544292266F833400B2887F /* Conversor2.0UITests.xctest */,
			);
			name = Products;
			sourceTree = "<group>";
		};
		71544278266F833300B2887F /* Conversor2.0 */ = {
			isa = PBXGroup;
			children = (
				71544279266F833300B2887F /* Conversor2_0App.swift */,
				7154427B266F833300B2887F /* ContentView.swift */,
				7154427D266F833400B2887F /* Assets.xcassets */,
				71544282266F833400B2887F /* Info.plist */,
				7154427F266F833400B2887F /* Preview Content */,
				715442A4266F93CA00B2887F /* APIDolarValue.swift */,
			);
			path = Conversor2.0;
			sourceTree = "<group>";
		};
		7154427F266F833400B2887F /* Preview Content */ = {
			isa = PBXGroup;
			children = (
				71544280266F833400B2887F /* Preview Assets.xcassets */,
			);
			path = "Preview Content";
			sourceTree = "<group>";
		};
		7154428A266F833400B2887F /* Conversor2.0Tests */ = {
			isa = PBXGroup;
			children = (
				7154428B266F833400B2887F /* Conversor2_0Tests.swift */,
				7154428D266F833400B2887F /* Info.plist */,
			);
			path = Conversor2.0Tests;
			sourceTree = "<group>";
		};
		71544295266F833400B2887F /* Conversor2.0UITests */ = {
			isa = PBXGroup;
			children = (
				71544296266F833400B2887F /* Conversor2_0UITests.swift */,
				71544298266F833400B2887F /* Info.plist */,
			);
			path = Conversor2.0UITests;
			sourceTree = "<group>";
		};
/* End PBXGroup section */

/* Begin PBXNativeTarget section */
		71544275266F833300B2887F /* Conversor2.0 */ = {
			isa = PBXNativeTarget;
			buildConfigurationList = 7154429B266F833400B2887F /* Build configuration list for PBXNativeTarget "Conversor2.0" */;
			buildPhases = (
				71544272266F833300B2887F /* Sources */,
				71544273266F833300B2887F /* Frameworks */,
				71544274266F833300B2887F /* Resources */,
			);
			buildRules = (
			);
			dependencies = (
			);
			name = Conversor2.0;
			productName = Conversor2.0;
			productReference = 71544276266F833300B2887F /* Conversor2.0.app */;
			productType = "com.apple.product-type.application";
		};
		71544286266F833400B2887F /* Conversor2.0Tests */ = {
			isa = PBXNativeTarget;
			buildConfigurationList = 7154429E266F833400B2887F /* Build configuration list for PBXNativeTarget "Conversor2.0Tests" */;
			buildPhases = (
				71544283266F833400B2887F /* Sources */,
				71544284266F833400B2887F /* Frameworks */,
				71544285266F833400B2887F /* Resources */,
			);
			buildRules = (
			);
			dependencies = (
				71544289266F833400B2887F /* PBXTargetDependency */,
			);
			name = Conversor2.0Tests;
			productName = Conversor2.0Tests;
			productReference = 71544287266F833400B2887F /* Conversor2.0Tests.xctest */;
			productType = "com.apple.product-type.bundle.unit-test";
		};
		71544291266F833400B2887F /* Conversor2.0UITests */ = {
			isa = PBXNativeTarget;
			buildConfigurationList = 715442A1266F833400B2887F /* Build configuration list for PBXNativeTarget "Conversor2.0UITests" */;
			buildPhases = (
				7154428E266F833400B2887F /* Sources */,
				7154428F266F833400B2887F /* Frameworks */,
				71544290266F833400B2887F /* Resources */,
			);
			buildRules = (
			);
			dependencies = (
				71544294266F833400B2887F /* PBXTargetDependency */,
			);
			name = Conversor2.0UITests;
			productName = Conversor2.0UITests;
			productReference = 71544292266F833400B2887F /* Conversor2.0UITests.xctest */;
			productType = "com.apple.product-type.bundle.ui-testing";
		};
/* End PBXNativeTarget section */

/* Begin PBXProject section */
		7154426E266F833300B2887F /* Project object */ = {
			isa = PBXProject;
			attributes = {
				LastSwiftUpdateCheck = 1250;
				LastUpgradeCheck = 1250;
				TargetAttributes = {
					71544275266F833300B2887F = {
						CreatedOnToolsVersion = 12.5;
					};
					71544286266F833400B2887F = {
						CreatedOnToolsVersion = 12.5;
						TestTargetID = 71544275266F833300B2887F;
					};
					71544291266F833400B2887F = {
						CreatedOnToolsVersion = 12.5;
						TestTargetID = 71544275266F833300B2887F;
					};
				};
			};
			buildConfigurationList = 71544271266F833300B2887F /* Build configuration list for PBXProject "Conversor2.0" */;
			compatibilityVersion = "Xcode 9.3";
			developmentRegion = en;
			hasScannedForEncodings = 0;
			knownRegions = (
				en,
				Base,
			);
			mainGroup = 7154426D266F833300B2887F;
			productRefGroup = 71544277266F833300B2887F /* Products */;
			projectDirPath = "";
			projectRoot = "";
			targets = (
				71544275266F833300B2887F /* Conversor2.0 */,
				71544286266F833400B2887F /* Conversor2.0Tests */,
				71544291266F833400B2887F /* Conversor2.0UITests */,
			);
		};
/* End PBXProject section */

/* Begin PBXResourcesBuildPhase section */
		71544274266F833300B2887F /* Resources */ = {
			isa = PBXResourcesBuildPhase;
			buildActionMask = 2147483647;
			files = (
				71544281266F833400B2887F /* Preview Assets.xcassets in Resources */,
				7154427E266F833400B2887F /* Assets.xcassets in Resources */,
			);
			runOnlyForDeploymentPostprocessing = 0;
		};
		71544285266F833400B2887F /* Resources */ = {
			isa = PBXResourcesBuildPhase;
			buildActionMask = 2147483647;
			files = (
			);
			runOnlyForDeploymentPostprocessing = 0;
		};
		71544290266F833400B2887F /* Resources */ = {
			isa = PBXResourcesBuildPhase;
			buildActionMask = 2147483647;
			files = (
			);
			runOnlyForDeploymentPostprocessing = 0;
		};
/* End PBXResourcesBuildPhase section */

/* Begin PBXSourcesBuildPhase section */
		71544272266F833300B2887F /* Sources */ = {
			isa = PBXSourcesBuildPhase;
			buildActionMask = 2147483647;
			files = (
				7154427C266F833300B2887F /* ContentView.swift in Sources */,
				715442A5266F93CA00B2887F /* APIDolarValue.swift in Sources */,
				7154427A266F833300B2887F /* Conversor2_0App.swift in Sources */,
			);
			runOnlyForDeploymentPostprocessing = 0;
		};
		71544283266F833400B2887F /* Sources */ = {
			isa = PBXSourcesBuildPhase;
			buildActionMask = 2147483647;
			files = (
				7154428C266F833400B2887F /* Conversor2_0Tests.swift in Sources */,
			);
			runOnlyForDeploymentPostprocessing = 0;
		};
		7154428E266F833400B2887F /* Sources */ = {
			isa = PBXSourcesBuildPhase;
			buildActionMask = 2147483647;
			files = (
				71544297266F833400B2887F /* Conversor2_0UITests.swift in Sources */,
			);
			runOnlyForDeploymentPostprocessing = 0;
		};
/* End PBXSourcesBuildPhase section */

/* Begin PBXTargetDependency section */
		71544289266F833400B2887F /* PBXTargetDependency */ = {
			isa = PBXTargetDependency;
			target = 71544275266F833300B2887F /* Conversor2.0 */;
			targetProxy = 71544288266F833400B2887F /* PBXContainerItemProxy */;
		};
		71544294266F833400B2887F /* PBXTargetDependency */ = {
			isa = PBXTargetDependency;
			target = 71544275266F833300B2887F /* Conversor2.0 */;
			targetProxy = 71544293266F833400B2887F /* PBXContainerItemProxy */;
		};
/* End PBXTargetDependency section */

/* Begin XCBuildConfiguration section */
		71544299266F833400B2887F /* Debug */ = {
			isa = XCBuildConfiguration;
			buildSettings = {
				ALWAYS_SEARCH_USER_PATHS = NO;
				CLANG_ANALYZER_NONNULL = YES;
				CLANG_ANALYZER_NUMBER_OBJECT_CONVERSION = YES_AGGRESSIVE;
				CLANG_CXX_LANGUAGE_STANDARD = "gnu++14";
				CLANG_CXX_LIBRARY = "libc++";
				CLANG_ENABLE_MODULES = YES;
				CLANG_ENABLE_OBJC_ARC = YES;
				CLANG_ENABLE_OBJC_WEAK = YES;
				CLANG_WARN_BLOCK_CAPTURE_AUTORELEASING = YES;
				CLANG_WARN_BOOL_CONVERSION = YES;
				CLANG_WARN_COMMA = YES;
				CLANG_WARN_CONSTANT_CONVERSION = YES;
				CLANG_WARN_DEPRECATED_OBJC_IMPLEMENTATIONS = YES;
				CLANG_WARN_DIRECT_OBJC_ISA_USAGE = YES_ERROR;
				CLANG_WARN_DOCUMENTATION_COMMENTS = YES;
				CLANG_WARN_EMPTY_BODY = YES;
				CLANG_WARN_ENUM_CONVERSION = YES;
				CLANG_WARN_INFINITE_RECURSION = YES;
				CLANG_WARN_INT_CONVERSION = YES;
				CLANG_WARN_NON_LITERAL_NULL_CONVERSION = YES;
				CLANG_WARN_OBJC_IMPLICIT_RETAIN_SELF = YES;
				CLANG_WARN_OBJC_LITERAL_CONVERSION = YES;
				CLANG_WARN_OBJC_ROOT_CLASS = YES_ERROR;
				CLANG_WARN_QUOTED_INCLUDE_IN_FRAMEWORK_HEADER = YES;
				CLANG_WARN_RANGE_LOOP_ANALYSIS = YES;
				CLANG_WARN_STRICT_PROTOTYPES = YES;
				CLANG_WARN_SUSPICIOUS_MOVE = YES;
				CLANG_WARN_UNGUARDED_AVAILABILITY = YES_AGGRESSIVE;
				CLANG_WARN_UNREACHABLE_CODE = YES;
				CLANG_WARN__DUPLICATE_METHOD_MATCH = YES;
				COPY_PHASE_STRIP = NO;
				DEBUG_INFORMATION_FORMAT = dwarf;
				ENABLE_STRICT_OBJC_MSGSEND = YES;
				ENABLE_TESTABILITY = YES;
				GCC_C_LANGUAGE_STANDARD = gnu11;
				GCC_DYNAMIC_NO_PIC = NO;
				GCC_NO_COMMON_BLOCKS = YES;
				GCC_OPTIMIZATION_LEVEL = 0;
				GCC_PREPROCESSOR_DEFINITIONS = (
					"DEBUG=1",
					"$(inherited)",
				);
				GCC_WARN_64_TO_32_BIT_CONVERSION = YES;
				GCC_WARN_ABOUT_RETURN_TYPE = YES_ERROR;
				GCC_WARN_UNDECLARED_SELECTOR = YES;
				GCC_WARN_UNINITIALIZED_AUTOS = YES_AGGRESSIVE;
				GCC_WARN_UNUSED_FUNCTION = YES;
				GCC_WARN_UNUSED_VARIABLE = YES;
				IPHONEOS_DEPLOYMENT_TARGET = 14.5;
				MTL_ENABLE_DEBUG_INFO = INCLUDE_SOURCE;
				MTL_FAST_MATH = YES;
				ONLY_ACTIVE_ARCH = YES;
				SDKROOT = iphoneos;
				SWIFT_ACTIVE_COMPILATION_CONDITIONS = DEBUG;
				SWIFT_OPTIMIZATION_LEVEL = "-Onone";
			};
			name = Debug;
		};
		7154429A266F833400B2887F /* Release */ = {
			isa = XCBuildConfiguration;
			buildSettings = {
				ALWAYS_SEARCH_USER_PATHS = NO;
				CLANG_ANALYZER_NONNULL = YES;
				CLANG_ANALYZER_NUMBER_OBJECT_CONVERSION = YES_AGGRESSIVE;
				CLANG_CXX_LANGUAGE_STANDARD = "gnu++14";
				CLANG_CXX_LIBRARY = "libc++";
				CLANG_ENABLE_MODULES = YES;
				CLANG_ENABLE_OBJC_ARC = YES;
				CLANG_ENABLE_OBJC_WEAK = YES;
				CLANG_WARN_BLOCK_CAPTURE_AUTORELEASING = YES;
				CLANG_WARN_BOOL_CONVERSION = YES;
				CLANG_WARN_COMMA = YES;
				CLANG_WARN_CONSTANT_CONVERSION = YES;
				CLANG_WARN_DEPRECATED_OBJC_IMPLEMENTATIONS = YES;
				CLANG_WARN_DIRECT_OBJC_ISA_USAGE = YES_ERROR;
				CLANG_WARN_DOCUMENTATION_COMMENTS = YES;
				CLANG_WARN_EMPTY_BODY = YES;
				CLANG_WARN_ENUM_CONVERSION = YES;
				CLANG_WARN_INFINITE_RECURSION = YES;
				CLANG_WARN_INT_CONVERSION = YES;
				CLANG_WARN_NON_LITERAL_NULL_CONVERSION = YES;
				CLANG_WARN_OBJC_IMPLICIT_RETAIN_SELF = YES;
				CLANG_WARN_OBJC_LITERAL_CONVERSION = YES;
				CLANG_WARN_OBJC_ROOT_CLASS = YES_ERROR;
				CLANG_WARN_QUOTED_INCLUDE_IN_FRAMEWORK_HEADER = YES;
				CLANG_WARN_RANGE_LOOP_ANALYSIS = YES;
				CLANG_WARN_STRICT_PROTOTYPES = YES;
				CLANG_WARN_SUSPICIOUS_MOVE = YES;
				CLANG_WARN_UNGUARDED_AVAILABILITY = YES_AGGRESSIVE;
				CLANG_WARN_UNREACHABLE_CODE = YES;
				CLANG_WARN__DUPLICATE_METHOD_MATCH = YES;
				COPY_PHASE_STRIP = NO;
				DEBUG_INFORMATION_FORMAT = "dwarf-with-dsym";
				ENABLE_NS_ASSERTIONS = NO;
				ENABLE_STRICT_OBJC_MSGSEND = YES;
				GCC_C_LANGUAGE_STANDARD = gnu11;
				GCC_NO_COMMON_BLOCKS = YES;
				GCC_WARN_64_TO_32_BIT_CONVERSION = YES;
				GCC_WARN_ABOUT_RETURN_TYPE = YES_ERROR;
				GCC_WARN_UNDECLARED_SELECTOR = YES;
				GCC_WARN_UNINITIALIZED_AUTOS = YES_AGGRESSIVE;
				GCC_WARN_UNUSED_FUNCTION = YES;
				GCC_WARN_UNUSED_VARIABLE = YES;
				IPHONEOS_DEPLOYMENT_TARGET = 14.5;
				MTL_ENABLE_DEBUG_INFO = NO;
				MTL_FAST_MATH = YES;
				SDKROOT = iphoneos;
				SWIFT_COMPILATION_MODE = wholemodule;
				SWIFT_OPTIMIZATION_LEVEL = "-O";
				VALIDATE_PRODUCT = YES;
			};
			name = Release;
		};
		7154429C266F833400B2887F /* Debug */ = {
			isa = XCBuildConfiguration;
			buildSettings = {
				ASSETCATALOG_COMPILER_APPICON_NAME = AppIcon;
				ASSETCATALOG_COMPILER_GLOBAL_ACCENT_COLOR_NAME = AccentColor;
				CODE_SIGN_STYLE = Automatic;
				DEVELOPMENT_ASSET_PATHS = "\"Conversor2.0/Preview Content\"";
				ENABLE_PREVIEWS = YES;
				INFOPLIST_FILE = Conversor2.0/Info.plist;
				IPHONEOS_DEPLOYMENT_TARGET = 14.0;
				LD_RUNPATH_SEARCH_PATHS = (
					"$(inherited)",
					"@executable_path/Frameworks",
				);
				PRODUCT_BUNDLE_IDENTIFIER = "com.GabrielC.Conversor2-0";
				PRODUCT_NAME = "$(TARGET_NAME)";
				SWIFT_VERSION = 5.0;
				TARGETED_DEVICE_FAMILY = "1,2";
			};
			name = Debug;
		};
		7154429D266F833400B2887F /* Release */ = {
			isa = XCBuildConfiguration;
			buildSettings = {
				ASSETCATALOG_COMPILER_APPICON_NAME = AppIcon;
				ASSETCATALOG_COMPILER_GLOBAL_ACCENT_COLOR_NAME = AccentColor;
				CODE_SIGN_STYLE = Automatic;
				DEVELOPMENT_ASSET_PATHS = "\"Conversor2.0/Preview Content\"";
				ENABLE_PREVIEWS = YES;
				INFOPLIST_FILE = Conversor2.0/Info.plist;
				IPHONEOS_DEPLOYMENT_TARGET = 14.0;
				LD_RUNPATH_SEARCH_PATHS = (
					"$(inherited)",
					"@executable_path/Frameworks",
				);
				PRODUCT_BUNDLE_IDENTIFIER = "com.GabrielC.Conversor2-0";
				PRODUCT_NAME = "$(TARGET_NAME)";
				SWIFT_VERSION = 5.0;
				TARGETED_DEVICE_FAMILY = "1,2";
			};
			name = Release;
		};
		7154429F266F833400B2887F /* Debug */ = {
			isa = XCBuildConfiguration;
			buildSettings = {
				ALWAYS_EMBED_SWIFT_STANDARD_LIBRARIES = YES;
				BUNDLE_LOADER = "$(TEST_HOST)";
				CODE_SIGN_STYLE = Automatic;
				INFOPLIST_FILE = Conversor2.0Tests/Info.plist;
				IPHONEOS_DEPLOYMENT_TARGET = 14.0;
				LD_RUNPATH_SEARCH_PATHS = (
					"$(inherited)",
					"@executable_path/Frameworks",
					"@loader_path/Frameworks",
				);
				PRODUCT_BUNDLE_IDENTIFIER = "com.GabrielC.Conversor2-0Tests";
				PRODUCT_NAME = "$(TARGET_NAME)";
				SWIFT_VERSION = 5.0;
				TARGETED_DEVICE_FAMILY = "1,2";
				TEST_HOST = "$(BUILT_PRODUCTS_DIR)/Conversor2.0.app/Conversor2.0";
			};
			name = Debug;
		};
		715442A0266F833400B2887F /* Release */ = {
			isa = XCBuildConfiguration;
			buildSettings = {
				ALWAYS_EMBED_SWIFT_STANDARD_LIBRARIES = YES;
				BUNDLE_LOADER = "$(TEST_HOST)";
				CODE_SIGN_STYLE = Automatic;
				INFOPLIST_FILE = Conversor2.0Tests/Info.plist;
				IPHONEOS_DEPLOYMENT_TARGET = 14.0;
				LD_RUNPATH_SEARCH_PATHS = (
					"$(inherited)",
					"@executable_path/Frameworks",
					"@loader_path/Frameworks",
				);
				PRODUCT_BUNDLE_IDENTIFIER = "com.GabrielC.Conversor2-0Tests";
				PRODUCT_NAME = "$(TARGET_NAME)";
				SWIFT_VERSION = 5.0;
				TARGETED_DEVICE_FAMILY = "1,2";
				TEST_HOST = "$(BUILT_PRODUCTS_DIR)/Conversor2.0.app/Conversor2.0";
			};
			name = Release;
		};
		715442A2266F833400B2887F /* Debug */ = {
			isa = XCBuildConfiguration;
			buildSettings = {
				ALWAYS_EMBED_SWIFT_STANDARD_LIBRARIES = YES;
				CODE_SIGN_STYLE = Automatic;
				INFOPLIST_FILE = Conversor2.0UITests/Info.plist;
				LD_RUNPATH_SEARCH_PATHS = (
					"$(inherited)",
					"@executable_path/Frameworks",
					"@loader_path/Frameworks",
				);
				PRODUCT_BUNDLE_IDENTIFIER = "com.GabrielC.Conversor2-0UITests";
				PRODUCT_NAME = "$(TARGET_NAME)";
				SWIFT_VERSION = 5.0;
				TARGETED_DEVICE_FAMILY = "1,2";
				TEST_TARGET_NAME = Conversor2.0;
			};
			name = Debug;
		};
		715442A3266F833400B2887F /* Release */ = {
			isa = XCBuildConfiguration;
			buildSettings = {
				ALWAYS_EMBED_SWIFT_STANDARD_LIBRARIES = YES;
				CODE_SIGN_STYLE = Automatic;
				INFOPLIST_FILE = Conversor2.0UITests/Info.plist;
				LD_RUNPATH_SEARCH_PATHS = (
					"$(inherited)",
					"@executable_path/Frameworks",
					"@loader_path/Frameworks",
				);
				PRODUCT_BUNDLE_IDENTIFIER = "com.GabrielC.Conversor2-0UITests";
				PRODUCT_NAME = "$(TARGET_NAME)";
				SWIFT_VERSION = 5.0;
				TARGETED_DEVICE_FAMILY = "1,2";
				TEST_TARGET_NAME = Conversor2.0;
			};
			name = Release;
		};
/* End XCBuildConfiguration section */

/* Begin XCConfigurationList section */
		71544271266F833300B2887F /* Build configuration list for PBXProject "Conversor2.0" */ = {
			isa = XCConfigurationList;
			buildConfigurations = (
				71544299266F833400B2887F /* Debug */,
				7154429A266F833400B2887F /* Release */,
			);
			defaultConfigurationIsVisible = 0;
			defaultConfigurationName = Release;
		};
		7154429B266F833400B2887F /* Build configuration list for PBXNativeTarget "Conversor2.0" */ = {
			isa = XCConfigurationList;
			buildConfigurations = (
				7154429C266F833400B2887F /* Debug */,
				7154429D266F833400B2887F /* Release */,
			);
			defaultConfigurationIsVisible = 0;
			defaultConfigurationName = Release;
		};
		7154429E266F833400B2887F /* Build configuration list for PBXNativeTarget "Conversor2.0Tests" */ = {
			isa = XCConfigurationList;
			buildConfigurations = (
				7154429F266F833400B2887F /* Debug */,
				715442A0266F833400B2887F /* Release */,
			);
			defaultConfigurationIsVisible = 0;
			defaultConfigurationName = Release;
		};
		715442A1266F833400B2887F /* Build configuration list for PBXNativeTarget "Conversor2.0UITests" */ = {
			isa = XCConfigurationList;
			buildConfigurations = (
				715442A2266F833400B2887F /* Debug */,
				715442A3266F833400B2887F /* Release */,
			);
			defaultConfigurationIsVisible = 0;
			defaultConfigurationName = Release;
		};
/* End XCConfigurationList section */
	};
	rootObject = 7154426E266F833300B2887F /* Project object */;
}
